dependencies:
- name: ui
  repository: file://../ui
  version: 1.0.0
- name: post
  repository: file://../post
  version: 1.0.0
- name: comment
  repository: file://../comment
  version: 1.0.0
- name: zipkin
  repository: file://../zipkin
  version: 1.0.0
- name: mongodb
  repository: https://kubernetes-charts.storage.googleapis.com
  version: 1.0.0
digest: sha256:951f22ca4502827729bc34954e7ddbba6be23cbe2bd34da70c05391bb445ffaa
generated: 2018-04-09T22:47:45.124631871+03:00
